// !$*UTF8*$!
{
	archiveVersion = 1;
	classes = {
	};
	objectVersion = 48;
	objects = {

/* Begin PBXBuildFile section */
		829EE5982063029A00A283D2 /* SettingsViewController.swift in Sources */ = {isa = PBXBuildFile; fileRef = 829EE5972063029A00A283D2 /* SettingsViewController.swift */; };
		829EE59A2063033100A283D2 /* VerbListViewController.swift in Sources */ = {isa = PBXBuildFile; fileRef = 829EE5992063033100A283D2 /* VerbListViewController.swift */; };
		829EE59C2063040200A283D2 /* VerbDetailsViewController.swift in Sources */ = {isa = PBXBuildFile; fileRef = 829EE59B2063040200A283D2 /* VerbDetailsViewController.swift */; };
		829EE59E206304BD00A283D2 /* VerbTableViewCell.swift in Sources */ = {isa = PBXBuildFile; fileRef = 829EE59D206304BD00A283D2 /* VerbTableViewCell.swift */; };
		82A7D80C206083BB00480A6E /* Constants.swift in Sources */ = {isa = PBXBuildFile; fileRef = 82A7D80B206083BB00480A6E /* Constants.swift */; };
		82A7D80E2060846000480A6E /* ViewUtils.swift in Sources */ = {isa = PBXBuildFile; fileRef = 82A7D80D2060846000480A6E /* ViewUtils.swift */; };
		82A7D8112060858900480A6E /* Verb.swift in Sources */ = {isa = PBXBuildFile; fileRef = 82A7D8102060858900480A6E /* Verb.swift */; };
		82A7D813206085C400480A6E /* Conjugation.swift in Sources */ = {isa = PBXBuildFile; fileRef = 82A7D812206085C400480A6E /* Conjugation.swift */; };
		82A7D8152060861F00480A6E /* Speaker.swift in Sources */ = {isa = PBXBuildFile; fileRef = 82A7D8142060861F00480A6E /* Speaker.swift */; };
		82A7D81A206087A300480A6E /* conjugations.plist in Resources */ = {isa = PBXBuildFile; fileRef = 82A7D817206087A300480A6E /* conjugations.plist */; };
		82A7D81B206087A300480A6E /* api_keys.plist in Resources */ = {isa = PBXBuildFile; fileRef = 82A7D818206087A300480A6E /* api_keys.plist */; };
		82A7D81C206087A300480A6E /* verbs.plist in Resources */ = {isa = PBXBuildFile; fileRef = 82A7D819206087A300480A6E /* verbs.plist */; };
		82ABC963205C849D00C0D6E4 /* AppDelegate.swift in Sources */ = {isa = PBXBuildFile; fileRef = 82ABC962205C849D00C0D6E4 /* AppDelegate.swift */; };
		82ABC965205C849D00C0D6E4 /* ViewController.swift in Sources */ = {isa = PBXBuildFile; fileRef = 82ABC964205C849D00C0D6E4 /* ViewController.swift */; };
		82ABC968205C849D00C0D6E4 /* Main.storyboard in Resources */ = {isa = PBXBuildFile; fileRef = 82ABC966205C849D00C0D6E4 /* Main.storyboard */; };
		82ABC96B205C849D00C0D6E4 /* VerbosEspanoliOS.xcdatamodeld in Sources */ = {isa = PBXBuildFile; fileRef = 82ABC969205C849D00C0D6E4 /* VerbosEspanoliOS.xcdatamodeld */; };
		82ABC96D205C849D00C0D6E4 /* Assets.xcassets in Resources */ = {isa = PBXBuildFile; fileRef = 82ABC96C205C849D00C0D6E4 /* Assets.xcassets */; };
		82ABC970205C849D00C0D6E4 /* LaunchScreen.storyboard in Resources */ = {isa = PBXBuildFile; fileRef = 82ABC96E205C849D00C0D6E4 /* LaunchScreen.storyboard */; };
		82ABC97B205C849E00C0D6E4 /* VerbosEspanoliOSTests.swift in Sources */ = {isa = PBXBuildFile; fileRef = 82ABC97A205C849E00C0D6E4 /* VerbosEspanoliOSTests.swift */; };
		82ABC986205C849E00C0D6E4 /* VerbosEspanoliOSUITests.swift in Sources */ = {isa = PBXBuildFile; fileRef = 82ABC985205C849E00C0D6E4 /* VerbosEspanoliOSUITests.swift */; };
/* End PBXBuildFile section */

/* Begin PBXContainerItemProxy section */
		82ABC977205C849E00C0D6E4 /* PBXContainerItemProxy */ = {
			isa = PBXContainerItemProxy;
			containerPortal = 82ABC957205C849D00C0D6E4 /* Project object */;
			proxyType = 1;
			remoteGlobalIDString = 82ABC95E205C849D00C0D6E4;
			remoteInfo = VerbosEspanoliOS;
		};
		82ABC982205C849E00C0D6E4 /* PBXContainerItemProxy */ = {
			isa = PBXContainerItemProxy;
			containerPortal = 82ABC957205C849D00C0D6E4 /* Project object */;
			proxyType = 1;
			remoteGlobalIDString = 82ABC95E205C849D00C0D6E4;
			remoteInfo = VerbosEspanoliOS;
		};
/* End PBXContainerItemProxy section */

/* Begin PBXFileReference section */
		829EE5972063029A00A283D2 /* SettingsViewController.swift */ = {isa = PBXFileReference; lastKnownFileType = sourcecode.swift; path = SettingsViewController.swift; sourceTree = "<group>"; };
		829EE5992063033100A283D2 /* VerbListViewController.swift */ = {isa = PBXFileReference; lastKnownFileType = sourcecode.swift; path = VerbListViewController.swift; sourceTree = "<group>"; };
		829EE59B2063040200A283D2 /* VerbDetailsViewController.swift */ = {isa = PBXFileReference; lastKnownFileType = sourcecode.swift; path = VerbDetailsViewController.swift; sourceTree = "<group>"; };
		829EE59D206304BD00A283D2 /* VerbTableViewCell.swift */ = {isa = PBXFileReference; lastKnownFileType = sourcecode.swift; path = VerbTableViewCell.swift; sourceTree = "<group>"; };
		82A7D80B206083BB00480A6E /* Constants.swift */ = {isa = PBXFileReference; lastKnownFileType = sourcecode.swift; path = Constants.swift; sourceTree = "<group>"; };
		82A7D80D2060846000480A6E /* ViewUtils.swift */ = {isa = PBXFileReference; lastKnownFileType = sourcecode.swift; path = ViewUtils.swift; sourceTree = "<group>"; };
		82A7D8102060858900480A6E /* Verb.swift */ = {isa = PBXFileReference; lastKnownFileType = sourcecode.swift; path = Verb.swift; sourceTree = "<group>"; };
		82A7D812206085C400480A6E /* Conjugation.swift */ = {isa = PBXFileReference; lastKnownFileType = sourcecode.swift; path = Conjugation.swift; sourceTree = "<group>"; };
		82A7D8142060861F00480A6E /* Speaker.swift */ = {isa = PBXFileReference; lastKnownFileType = sourcecode.swift; path = Speaker.swift; sourceTree = "<group>"; };
		82A7D817206087A300480A6E /* conjugations.plist */ = {isa = PBXFileReference; fileEncoding = 4; lastKnownFileType = text.plist.xml; path = conjugations.plist; sourceTree = "<group>"; };
		82A7D818206087A300480A6E /* api_keys.plist */ = {isa = PBXFileReference; fileEncoding = 4; lastKnownFileType = text.plist.xml; path = api_keys.plist; sourceTree = "<group>"; };
		82A7D819206087A300480A6E /* verbs.plist */ = {isa = PBXFileReference; fileEncoding = 4; lastKnownFileType = text.plist.xml; path = verbs.plist; sourceTree = "<group>"; };
		82ABC95F205C849D00C0D6E4 /* VerbosEspanoliOS.app */ = {isa = PBXFileReference; explicitFileType = wrapper.application; includeInIndex = 0; path = VerbosEspanoliOS.app; sourceTree = BUILT_PRODUCTS_DIR; };
		82ABC962205C849D00C0D6E4 /* AppDelegate.swift */ = {isa = PBXFileReference; lastKnownFileType = sourcecode.swift; path = AppDelegate.swift; sourceTree = "<group>"; };
		82ABC964205C849D00C0D6E4 /* ViewController.swift */ = {isa = PBXFileReference; lastKnownFileType = sourcecode.swift; path = ViewController.swift; sourceTree = "<group>"; };
		82ABC967205C849D00C0D6E4 /* Base */ = {isa = PBXFileReference; lastKnownFileType = file.storyboard; name = Base; path = Base.lproj/Main.storyboard; sourceTree = "<group>"; };
		82ABC96A205C849D00C0D6E4 /* VerbosEspanoliOS.xcdatamodel */ = {isa = PBXFileReference; lastKnownFileType = wrapper.xcdatamodel; path = VerbosEspanoliOS.xcdatamodel; sourceTree = "<group>"; };
		82ABC96C205C849D00C0D6E4 /* Assets.xcassets */ = {isa = PBXFileReference; lastKnownFileType = folder.assetcatalog; path = Assets.xcassets; sourceTree = "<group>"; };
		82ABC96F205C849D00C0D6E4 /* Base */ = {isa = PBXFileReference; lastKnownFileType = file.storyboard; name = Base; path = Base.lproj/LaunchScreen.storyboard; sourceTree = "<group>"; };
		82ABC971205C849D00C0D6E4 /* Info.plist */ = {isa = PBXFileReference; lastKnownFileType = text.plist.xml; path = Info.plist; sourceTree = "<group>"; };
		82ABC976205C849E00C0D6E4 /* VerbosEspanoliOSTests.xctest */ = {isa = PBXFileReference; explicitFileType = wrapper.cfbundle; includeInIndex = 0; path = VerbosEspanoliOSTests.xctest; sourceTree = BUILT_PRODUCTS_DIR; };
		82ABC97A205C849E00C0D6E4 /* VerbosEspanoliOSTests.swift */ = {isa = PBXFileReference; lastKnownFileType = sourcecode.swift; path = VerbosEspanoliOSTests.swift; sourceTree = "<group>"; };
		82ABC97C205C849E00C0D6E4 /* Info.plist */ = {isa = PBXFileReference; lastKnownFileType = text.plist.xml; path = Info.plist; sourceTree = "<group>"; };
		82ABC981205C849E00C0D6E4 /* VerbosEspanoliOSUITests.xctest */ = {isa = PBXFileReference; explicitFileType = wrapper.cfbundle; includeInIndex = 0; path = VerbosEspanoliOSUITests.xctest; sourceTree = BUILT_PRODUCTS_DIR; };
		82ABC985205C849E00C0D6E4 /* VerbosEspanoliOSUITests.swift */ = {isa = PBXFileReference; lastKnownFileType = sourcecode.swift; path = VerbosEspanoliOSUITests.swift; sourceTree = "<group>"; };
		82ABC987205C849E00C0D6E4 /* Info.plist */ = {isa = PBXFileReference; lastKnownFileType = text.plist.xml; path = Info.plist; sourceTree = "<group>"; };
/* End PBXFileReference section */

/* Begin PBXFrameworksBuildPhase section */
		82ABC95C205C849D00C0D6E4 /* Frameworks */ = {
			isa = PBXFrameworksBuildPhase;
			buildActionMask = 2147483647;
			files = (
			);
			runOnlyForDeploymentPostprocessing = 0;
		};
		82ABC973205C849E00C0D6E4 /* Frameworks */ = {
			isa = PBXFrameworksBuildPhase;
			buildActionMask = 2147483647;
			files = (
			);
			runOnlyForDeploymentPostprocessing = 0;
		};
		82ABC97E205C849E00C0D6E4 /* Frameworks */ = {
			isa = PBXFrameworksBuildPhase;
			buildActionMask = 2147483647;
			files = (
			);
			runOnlyForDeploymentPostprocessing = 0;
		};
/* End PBXFrameworksBuildPhase section */

/* Begin PBXGroup section */
		82A7D809206082FE00480A6E /* Controller */ = {
			isa = PBXGroup;
			children = (
				82A7D80A2060831D00480A6E /* Utils */,
				82ABC964205C849D00C0D6E4 /* ViewController.swift */,
				829EE5972063029A00A283D2 /* SettingsViewController.swift */,
				829EE5992063033100A283D2 /* VerbListViewController.swift */,
				829EE59B2063040200A283D2 /* VerbDetailsViewController.swift */,
				829EE59D206304BD00A283D2 /* VerbTableViewCell.swift */,
			);
			name = Controller;
			sourceTree = "<group>";
		};
		82A7D80A2060831D00480A6E /* Utils */ = {
			isa = PBXGroup;
			children = (
				82A7D80B206083BB00480A6E /* Constants.swift */,
				82A7D80D2060846000480A6E /* ViewUtils.swift */,
			);
			name = Utils;
			sourceTree = "<group>";
		};
		82A7D80F2060855C00480A6E /* Model */ = {
			isa = PBXGroup;
			children = (
				82A7D8102060858900480A6E /* Verb.swift */,
				82A7D812206085C400480A6E /* Conjugation.swift */,
				82A7D8142060861F00480A6E /* Speaker.swift */,
			);
			name = Model;
			sourceTree = "<group>";
		};
		82A7D816206086DA00480A6E /* Supporting Files */ = {
			isa = PBXGroup;
			children = (
				82A7D818206087A300480A6E /* api_keys.plist */,
				82A7D817206087A300480A6E /* conjugations.plist */,
				82A7D819206087A300480A6E /* verbs.plist */,
			);
			name = "Supporting Files";
			sourceTree = "<group>";
		};
		82ABC956205C849D00C0D6E4 = {
			isa = PBXGroup;
			children = (
				82ABC961205C849D00C0D6E4 /* VerbosEspanoliOS */,
				82ABC979205C849E00C0D6E4 /* VerbosEspanoliOSTests */,
				82ABC984205C849E00C0D6E4 /* VerbosEspanoliOSUITests */,
				82ABC960205C849D00C0D6E4 /* Products */,
			);
			sourceTree = "<group>";
		};
		82ABC960205C849D00C0D6E4 /* Products */ = {
			isa = PBXGroup;
			children = (
				82ABC95F205C849D00C0D6E4 /* VerbosEspanoliOS.app */,
				82ABC976205C849E00C0D6E4 /* VerbosEspanoliOSTests.xctest */,
				82ABC981205C849E00C0D6E4 /* VerbosEspanoliOSUITests.xctest */,
			);
			name = Products;
			sourceTree = "<group>";
		};
		82ABC961205C849D00C0D6E4 /* VerbosEspanoliOS */ = {
			isa = PBXGroup;
			children = (
				82A7D809206082FE00480A6E /* Controller */,
				82A7D80F2060855C00480A6E /* Model */,
				82ABC962205C849D00C0D6E4 /* AppDelegate.swift */,
				82ABC966205C849D00C0D6E4 /* Main.storyboard */,
				82ABC96C205C849D00C0D6E4 /* Assets.xcassets */,
				82ABC96E205C849D00C0D6E4 /* LaunchScreen.storyboard */,
				82ABC971205C849D00C0D6E4 /* Info.plist */,
				82A7D816206086DA00480A6E /* Supporting Files */,
				82ABC969205C849D00C0D6E4 /* VerbosEspanoliOS.xcdatamodeld */,
			);
			path = VerbosEspanoliOS;
			sourceTree = "<group>";
		};
		82ABC979205C849E00C0D6E4 /* VerbosEspanoliOSTests */ = {
			isa = PBXGroup;
			children = (
				82ABC97A205C849E00C0D6E4 /* VerbosEspanoliOSTests.swift */,
				82ABC97C205C849E00C0D6E4 /* Info.plist */,
			);
			path = VerbosEspanoliOSTests;
			sourceTree = "<group>";
		};
		82ABC984205C849E00C0D6E4 /* VerbosEspanoliOSUITests */ = {
			isa = PBXGroup;
			children = (
				82ABC985205C849E00C0D6E4 /* VerbosEspanoliOSUITests.swift */,
				82ABC987205C849E00C0D6E4 /* Info.plist */,
			);
			path = VerbosEspanoliOSUITests;
			sourceTree = "<group>";
		};
/* End PBXGroup section */

/* Begin PBXNativeTarget section */
		82ABC95E205C849D00C0D6E4 /* VerbosEspanoliOS */ = {
			isa = PBXNativeTarget;
			buildConfigurationList = 82ABC98A205C849E00C0D6E4 /* Build configuration list for PBXNativeTarget "VerbosEspanoliOS" */;
			buildPhases = (
				82ABC95B205C849D00C0D6E4 /* Sources */,
				82ABC95C205C849D00C0D6E4 /* Frameworks */,
				82ABC95D205C849D00C0D6E4 /* Resources */,
			);
			buildRules = (
			);
			dependencies = (
			);
			name = VerbosEspanoliOS;
			productName = VerbosEspanoliOS;
			productReference = 82ABC95F205C849D00C0D6E4 /* VerbosEspanoliOS.app */;
			productType = "com.apple.product-type.application";
		};
		82ABC975205C849E00C0D6E4 /* VerbosEspanoliOSTests */ = {
			isa = PBXNativeTarget;
			buildConfigurationList = 82ABC98D205C849E00C0D6E4 /* Build configuration list for PBXNativeTarget "VerbosEspanoliOSTests" */;
			buildPhases = (
				82ABC972205C849E00C0D6E4 /* Sources */,
				82ABC973205C849E00C0D6E4 /* Frameworks */,
				82ABC974205C849E00C0D6E4 /* Resources */,
			);
			buildRules = (
			);
			dependencies = (
				82ABC978205C849E00C0D6E4 /* PBXTargetDependency */,
			);
			name = VerbosEspanoliOSTests;
			productName = VerbosEspanoliOSTests;
			productReference = 82ABC976205C849E00C0D6E4 /* VerbosEspanoliOSTests.xctest */;
			productType = "com.apple.product-type.bundle.unit-test";
		};
		82ABC980205C849E00C0D6E4 /* VerbosEspanoliOSUITests */ = {
			isa = PBXNativeTarget;
			buildConfigurationList = 82ABC990205C849E00C0D6E4 /* Build configuration list for PBXNativeTarget "VerbosEspanoliOSUITests" */;
			buildPhases = (
				82ABC97D205C849E00C0D6E4 /* Sources */,
				82ABC97E205C849E00C0D6E4 /* Frameworks */,
				82ABC97F205C849E00C0D6E4 /* Resources */,
			);
			buildRules = (
			);
			dependencies = (
				82ABC983205C849E00C0D6E4 /* PBXTargetDependency */,
			);
			name = VerbosEspanoliOSUITests;
			productName = VerbosEspanoliOSUITests;
			productReference = 82ABC981205C849E00C0D6E4 /* VerbosEspanoliOSUITests.xctest */;
			productType = "com.apple.product-type.bundle.ui-testing";
		};
/* End PBXNativeTarget section */

/* Begin PBXProject section */
		82ABC957205C849D00C0D6E4 /* Project object */ = {
			isa = PBXProject;
			attributes = {
				LastSwiftUpdateCheck = 0920;
				LastUpgradeCheck = 0920;
				ORGANIZATIONNAME = xengar;
				TargetAttributes = {
					82ABC95E205C849D00C0D6E4 = {
						CreatedOnToolsVersion = 9.2;
						ProvisioningStyle = Automatic;
					};
					82ABC975205C849E00C0D6E4 = {
						CreatedOnToolsVersion = 9.2;
						ProvisioningStyle = Automatic;
						TestTargetID = 82ABC95E205C849D00C0D6E4;
					};
					82ABC980205C849E00C0D6E4 = {
						CreatedOnToolsVersion = 9.2;
						ProvisioningStyle = Automatic;
						TestTargetID = 82ABC95E205C849D00C0D6E4;
					};
				};
			};
			buildConfigurationList = 82ABC95A205C849D00C0D6E4 /* Build configuration list for PBXProject "VerbosEspanoliOS" */;
			compatibilityVersion = "Xcode 8.0";
			developmentRegion = en;
			hasScannedForEncodings = 0;
			knownRegions = (
				en,
				Base,
			);
			mainGroup = 82ABC956205C849D00C0D6E4;
			productRefGroup = 82ABC960205C849D00C0D6E4 /* Products */;
			projectDirPath = "";
			projectRoot = "";
			targets = (
				82ABC95E205C849D00C0D6E4 /* VerbosEspanoliOS */,
				82ABC975205C849E00C0D6E4 /* VerbosEspanoliOSTests */,
				82ABC980205C849E00C0D6E4 /* VerbosEspanoliOSUITests */,
			);
		};
/* End PBXProject section */

/* Begin PBXResourcesBuildPhase section */
		82ABC95D205C849D00C0D6E4 /* Resources */ = {
			isa = PBXResourcesBuildPhase;
			buildActionMask = 2147483647;
			files = (
				82A7D81A206087A300480A6E /* conjugations.plist in Resources */,
				82ABC970205C849D00C0D6E4 /* LaunchScreen.storyboard in Resources */,
				82ABC96D205C849D00C0D6E4 /* Assets.xcassets in Resources */,
				82A7D81B206087A300480A6E /* api_keys.plist in Resources */,
				82ABC968205C849D00C0D6E4 /* Main.storyboard in Resources */,
				82A7D81C206087A300480A6E /* verbs.plist in Resources */,
			);
			runOnlyForDeploymentPostprocessing = 0;
		};
		82ABC974205C849E00C0D6E4 /* Resources */ = {
			isa = PBXResourcesBuildPhase;
			buildActionMask = 2147483647;
			files = (
			);
			runOnlyForDeploymentPostprocessing = 0;
		};
		82ABC97F205C849E00C0D6E4 /* Resources */ = {
			isa = PBXResourcesBuildPhase;
			buildActionMask = 2147483647;
			files = (
			);
			runOnlyForDeploymentPostprocessing = 0;
		};
/* End PBXResourcesBuildPhase section */

/* Begin PBXSourcesBuildPhase section */
		82ABC95B205C849D00C0D6E4 /* Sources */ = {
			isa = PBXSourcesBuildPhase;
			buildActionMask = 2147483647;
			files = (
				82A7D8112060858900480A6E /* Verb.swift in Sources */,
				82ABC965205C849D00C0D6E4 /* ViewController.swift in Sources */,
				829EE59C2063040200A283D2 /* VerbDetailsViewController.swift in Sources */,
				82A7D80E2060846000480A6E /* ViewUtils.swift in Sources */,
				829EE59E206304BD00A283D2 /* VerbTableViewCell.swift in Sources */,
				829EE59A2063033100A283D2 /* VerbListViewController.swift in Sources */,
				82A7D8152060861F00480A6E /* Speaker.swift in Sources */,
				82ABC963205C849D00C0D6E4 /* AppDelegate.swift in Sources */,
				82ABC96B205C849D00C0D6E4 /* VerbosEspanoliOS.xcdatamodeld in Sources */,
				82A7D80C206083BB00480A6E /* Constants.swift in Sources */,
				82A7D813206085C400480A6E /* Conjugation.swift in Sources */,
				829EE5982063029A00A283D2 /* SettingsViewController.swift in Sources */,
			);
			runOnlyForDeploymentPostprocessing = 0;
		};
		82ABC972205C849E00C0D6E4 /* Sources */ = {
			isa = PBXSourcesBuildPhase;
			buildActionMask = 2147483647;
			files = (
				82ABC97B205C849E00C0D6E4 /* VerbosEspanoliOSTests.swift in Sources */,
			);
			runOnlyForDeploymentPostprocessing = 0;
		};
		82ABC97D205C849E00C0D6E4 /* Sources */ = {
			isa = PBXSourcesBuildPhase;
			buildActionMask = 2147483647;
			files = (
				82ABC986205C849E00C0D6E4 /* VerbosEspanoliOSUITests.swift in Sources */,
			);
			runOnlyForDeploymentPostprocessing = 0;
		};
/* End PBXSourcesBuildPhase section */

/* Begin PBXTargetDependency section */
		82ABC978205C849E00C0D6E4 /* PBXTargetDependency */ = {
			isa = PBXTargetDependency;
			target = 82ABC95E205C849D00C0D6E4 /* VerbosEspanoliOS */;
			targetProxy = 82ABC977205C849E00C0D6E4 /* PBXContainerItemProxy */;
		};
		82ABC983205C849E00C0D6E4 /* PBXTargetDependency */ = {
			isa = PBXTargetDependency;
			target = 82ABC95E205C849D00C0D6E4 /* VerbosEspanoliOS */;
			targetProxy = 82ABC982205C849E00C0D6E4 /* PBXContainerItemProxy */;
		};
/* End PBXTargetDependency section */

/* Begin PBXVariantGroup section */
		82ABC966205C849D00C0D6E4 /* Main.storyboard */ = {
			isa = PBXVariantGroup;
			children = (
				82ABC967205C849D00C0D6E4 /* Base */,
			);
			name = Main.storyboard;
			sourceTree = "<group>";
		};
		82ABC96E205C849D00C0D6E4 /* LaunchScreen.storyboard */ = {
			isa = PBXVariantGroup;
			children = (
				82ABC96F205C849D00C0D6E4 /* Base */,
			);
			name = LaunchScreen.storyboard;
			sourceTree = "<group>";
		};
/* End PBXVariantGroup section */

/* Begin XCBuildConfiguration section */
		82ABC988205C849E00C0D6E4 /* Debug */ = {
			isa = XCBuildConfiguration;
			buildSettings = {
				ALWAYS_SEARCH_USER_PATHS = NO;
				CLANG_ANALYZER_NONNULL = YES;
				CLANG_ANALYZER_NUMBER_OBJECT_CONVERSION = YES_AGGRESSIVE;
				CLANG_CXX_LANGUAGE_STANDARD = "gnu++14";
				CLANG_CXX_LIBRARY = "libc++";
				CLANG_ENABLE_MODULES = YES;
				CLANG_ENABLE_OBJC_ARC = YES;
				CLANG_WARN_BLOCK_CAPTURE_AUTORELEASING = YES;
				CLANG_WARN_BOOL_CONVERSION = YES;
				CLANG_WARN_COMMA = YES;
				CLANG_WARN_CONSTANT_CONVERSION = YES;
				CLANG_WARN_DIRECT_OBJC_ISA_USAGE = YES_ERROR;
				CLANG_WARN_DOCUMENTATION_COMMENTS = YES;
				CLANG_WARN_EMPTY_BODY = YES;
				CLANG_WARN_ENUM_CONVERSION = YES;
				CLANG_WARN_INFINITE_RECURSION = YES;
				CLANG_WARN_INT_CONVERSION = YES;
				CLANG_WARN_NON_LITERAL_NULL_CONVERSION = YES;
				CLANG_WARN_OBJC_LITERAL_CONVERSION = YES;
				CLANG_WARN_OBJC_ROOT_CLASS = YES_ERROR;
				CLANG_WARN_RANGE_LOOP_ANALYSIS = YES;
				CLANG_WARN_STRICT_PROTOTYPES = YES;
				CLANG_WARN_SUSPICIOUS_MOVE = YES;
				CLANG_WARN_UNGUARDED_AVAILABILITY = YES_AGGRESSIVE;
				CLANG_WARN_UNREACHABLE_CODE = YES;
				CLANG_WARN__DUPLICATE_METHOD_MATCH = YES;
				CODE_SIGN_IDENTITY = "iPhone Developer";
				COPY_PHASE_STRIP = NO;
				DEBUG_INFORMATION_FORMAT = dwarf;
				ENABLE_STRICT_OBJC_MSGSEND = YES;
				ENABLE_TESTABILITY = YES;
				GCC_C_LANGUAGE_STANDARD = gnu11;
				GCC_DYNAMIC_NO_PIC = NO;
				GCC_NO_COMMON_BLOCKS = YES;
				GCC_OPTIMIZATION_LEVEL = 0;
				GCC_PREPROCESSOR_DEFINITIONS = (
					"DEBUG=1",
					"$(inherited)",
				);
				GCC_WARN_64_TO_32_BIT_CONVERSION = YES;
				GCC_WARN_ABOUT_RETURN_TYPE = YES_ERROR;
				GCC_WARN_UNDECLARED_SELECTOR = YES;
				GCC_WARN_UNINITIALIZED_AUTOS = YES_AGGRESSIVE;
				GCC_WARN_UNUSED_FUNCTION = YES;
				GCC_WARN_UNUSED_VARIABLE = YES;
				IPHONEOS_DEPLOYMENT_TARGET = 11.2;
				MTL_ENABLE_DEBUG_INFO = YES;
				ONLY_ACTIVE_ARCH = YES;
				SDKROOT = iphoneos;
				SWIFT_ACTIVE_COMPILATION_CONDITIONS = DEBUG;
				SWIFT_OPTIMIZATION_LEVEL = "-Onone";
			};
			name = Debug;
		};
		82ABC989205C849E00C0D6E4 /* Release */ = {
			isa = XCBuildConfiguration;
			buildSettings = {
				ALWAYS_SEARCH_USER_PATHS = NO;
				CLANG_ANALYZER_NONNULL = YES;
				CLANG_ANALYZER_NUMBER_OBJECT_CONVERSION = YES_AGGRESSIVE;
				CLANG_CXX_LANGUAGE_STANDARD = "gnu++14";
				CLANG_CXX_LIBRARY = "libc++";
				CLANG_ENABLE_MODULES = YES;
				CLANG_ENABLE_OBJC_ARC = YES;
				CLANG_WARN_BLOCK_CAPTURE_AUTORELEASING = YES;
				CLANG_WARN_BOOL_CONVERSION = YES;
				CLANG_WARN_COMMA = YES;
				CLANG_WARN_CONSTANT_CONVERSION = YES;
				CLANG_WARN_DIRECT_OBJC_ISA_USAGE = YES_ERROR;
				CLANG_WARN_DOCUMENTATION_COMMENTS = YES;
				CLANG_WARN_EMPTY_BODY = YES;
				CLANG_WARN_ENUM_CONVERSION = YES;
				CLANG_WARN_INFINITE_RECURSION = YES;
				CLANG_WARN_INT_CONVERSION = YES;
				CLANG_WARN_NON_LITERAL_NULL_CONVERSION = YES;
				CLANG_WARN_OBJC_LITERAL_CONVERSION = YES;
				CLANG_WARN_OBJC_ROOT_CLASS = YES_ERROR;
				CLANG_WARN_RANGE_LOOP_ANALYSIS = YES;
				CLANG_WARN_STRICT_PROTOTYPES = YES;
				CLANG_WARN_SUSPICIOUS_MOVE = YES;
				CLANG_WARN_UNGUARDED_AVAILABILITY = YES_AGGRESSIVE;
				CLANG_WARN_UNREACHABLE_CODE = YES;
				CLANG_WARN__DUPLICATE_METHOD_MATCH = YES;
				CODE_SIGN_IDENTITY = "iPhone Developer";
				COPY_PHASE_STRIP = NO;
				DEBUG_INFORMATION_FORMAT = "dwarf-with-dsym";
				ENABLE_NS_ASSERTIONS = NO;
				ENABLE_STRICT_OBJC_MSGSEND = YES;
				GCC_C_LANGUAGE_STANDARD = gnu11;
				GCC_NO_COMMON_BLOCKS = YES;
				GCC_WARN_64_TO_32_BIT_CONVERSION = YES;
				GCC_WARN_ABOUT_RETURN_TYPE = YES_ERROR;
				GCC_WARN_UNDECLARED_SELECTOR = YES;
				GCC_WARN_UNINITIALIZED_AUTOS = YES_AGGRESSIVE;
				GCC_WARN_UNUSED_FUNCTION = YES;
				GCC_WARN_UNUSED_VARIABLE = YES;
				IPHONEOS_DEPLOYMENT_TARGET = 11.2;
				MTL_ENABLE_DEBUG_INFO = NO;
				SDKROOT = iphoneos;
				SWIFT_OPTIMIZATION_LEVEL = "-Owholemodule";
				VALIDATE_PRODUCT = YES;
			};
			name = Release;
		};
		82ABC98B205C849E00C0D6E4 /* Debug */ = {
			isa = XCBuildConfiguration;
			buildSettings = {
				ASSETCATALOG_COMPILER_APPICON_NAME = AppIcon;
				CODE_SIGN_STYLE = Automatic;
				INFOPLIST_FILE = VerbosEspanoliOS/Info.plist;
				LD_RUNPATH_SEARCH_PATHS = "$(inherited) @executable_path/Frameworks";
				PRODUCT_BUNDLE_IDENTIFIER = com.xengar.ios.verbosespanol;
				PRODUCT_NAME = "$(TARGET_NAME)";
				SWIFT_VERSION = 4.0;
				TARGETED_DEVICE_FAMILY = "1,2";
			};
			name = Debug;
		};
		82ABC98C205C849E00C0D6E4 /* Release */ = {
			isa = XCBuildConfiguration;
			buildSettings = {
				ASSETCATALOG_COMPILER_APPICON_NAME = AppIcon;
				CODE_SIGN_STYLE = Automatic;
				INFOPLIST_FILE = VerbosEspanoliOS/Info.plist;
				LD_RUNPATH_SEARCH_PATHS = "$(inherited) @executable_path/Frameworks";
				PRODUCT_BUNDLE_IDENTIFIER = com.xengar.ios.verbosespanol;
				PRODUCT_NAME = "$(TARGET_NAME)";
				SWIFT_VERSION = 4.0;
				TARGETED_DEVICE_FAMILY = "1,2";
			};
			name = Release;
		};
		82ABC98E205C849E00C0D6E4 /* Debug */ = {
			isa = XCBuildConfiguration;
			buildSettings = {
				ALWAYS_EMBED_SWIFT_STANDARD_LIBRARIES = YES;
				BUNDLE_LOADER = "$(TEST_HOST)";
				CODE_SIGN_STYLE = Automatic;
				INFOPLIST_FILE = VerbosEspanoliOSTests/Info.plist;
				LD_RUNPATH_SEARCH_PATHS = "$(inherited) @executable_path/Frameworks @loader_path/Frameworks";
				PRODUCT_BUNDLE_IDENTIFIER = com.xengar.ios.VerbosEspanoliOSTests;
				PRODUCT_NAME = "$(TARGET_NAME)";
				SWIFT_VERSION = 4.0;
				TARGETED_DEVICE_FAMILY = "1,2";
				TEST_HOST = "$(BUILT_PRODUCTS_DIR)/VerbosEspanoliOS.app/VerbosEspanoliOS";
			};
			name = Debug;
		};
		82ABC98F205C849E00C0D6E4 /* Release */ = {
			isa = XCBuildConfiguration;
			buildSettings = {
				ALWAYS_EMBED_SWIFT_STANDARD_LIBRARIES = YES;
				BUNDLE_LOADER = "$(TEST_HOST)";
				CODE_SIGN_STYLE = Automatic;
				INFOPLIST_FILE = VerbosEspanoliOSTests/Info.plist;
				LD_RUNPATH_SEARCH_PATHS = "$(inherited) @executable_path/Frameworks @loader_path/Frameworks";
				PRODUCT_BUNDLE_IDENTIFIER = com.xengar.ios.VerbosEspanoliOSTests;
				PRODUCT_NAME = "$(TARGET_NAME)";
				SWIFT_VERSION = 4.0;
				TARGETED_DEVICE_FAMILY = "1,2";
				TEST_HOST = "$(BUILT_PRODUCTS_DIR)/VerbosEspanoliOS.app/VerbosEspanoliOS";
			};
			name = Release;
		};
		82ABC991205C849E00C0D6E4 /* Debug */ = {
			isa = XCBuildConfiguration;
			buildSettings = {
				ALWAYS_EMBED_SWIFT_STANDARD_LIBRARIES = YES;
				CODE_SIGN_STYLE = Automatic;
				INFOPLIST_FILE = VerbosEspanoliOSUITests/Info.plist;
				LD_RUNPATH_SEARCH_PATHS = "$(inherited) @executable_path/Frameworks @loader_path/Frameworks";
				PRODUCT_BUNDLE_IDENTIFIER = com.xengar.ios.VerbosEspanoliOSUITests;
				PRODUCT_NAME = "$(TARGET_NAME)";
				SWIFT_VERSION = 4.0;
				TARGETED_DEVICE_FAMILY = "1,2";
				TEST_TARGET_NAME = VerbosEspanoliOS;
			};
			name = Debug;
		};
		82ABC992205C849E00C0D6E4 /* Release */ = {
			isa = XCBuildConfiguration;
			buildSettings = {
				ALWAYS_EMBED_SWIFT_STANDARD_LIBRARIES = YES;
				CODE_SIGN_STYLE = Automatic;
				INFOPLIST_FILE = VerbosEspanoliOSUITests/Info.plist;
				LD_RUNPATH_SEARCH_PATHS = "$(inherited) @executable_path/Frameworks @loader_path/Frameworks";
				PRODUCT_BUNDLE_IDENTIFIER = com.xengar.ios.VerbosEspanoliOSUITests;
				PRODUCT_NAME = "$(TARGET_NAME)";
				SWIFT_VERSION = 4.0;
				TARGETED_DEVICE_FAMILY = "1,2";
				TEST_TARGET_NAME = VerbosEspanoliOS;
			};
			name = Release;
		};
/* End XCBuildConfiguration section */

/* Begin XCConfigurationList section */
		82ABC95A205C849D00C0D6E4 /* Build configuration list for PBXProject "VerbosEspanoliOS" */ = {
			isa = XCConfigurationList;
			buildConfigurations = (
				82ABC988205C849E00C0D6E4 /* Debug */,
				82ABC989205C849E00C0D6E4 /* Release */,
			);
			defaultConfigurationIsVisible = 0;
			defaultConfigurationName = Release;
		};
		82ABC98A205C849E00C0D6E4 /* Build configuration list for PBXNativeTarget "VerbosEspanoliOS" */ = {
			isa = XCConfigurationList;
			buildConfigurations = (
				82ABC98B205C849E00C0D6E4 /* Debug */,
				82ABC98C205C849E00C0D6E4 /* Release */,
			);
			defaultConfigurationIsVisible = 0;
			defaultConfigurationName = Release;
		};
		82ABC98D205C849E00C0D6E4 /* Build configuration list for PBXNativeTarget "VerbosEspanoliOSTests" */ = {
			isa = XCConfigurationList;
			buildConfigurations = (
				82ABC98E205C849E00C0D6E4 /* Debug */,
				82ABC98F205C849E00C0D6E4 /* Release */,
			);
			defaultConfigurationIsVisible = 0;
			defaultConfigurationName = Release;
		};
		82ABC990205C849E00C0D6E4 /* Build configuration list for PBXNativeTarget "VerbosEspanoliOSUITests" */ = {
			isa = XCConfigurationList;
			buildConfigurations = (
				82ABC991205C849E00C0D6E4 /* Debug */,
				82ABC992205C849E00C0D6E4 /* Release */,
			);
			defaultConfigurationIsVisible = 0;
			defaultConfigurationName = Release;
		};
/* End XCConfigurationList section */

/* Begin XCVersionGroup section */
		82ABC969205C849D00C0D6E4 /* VerbosEspanoliOS.xcdatamodeld */ = {
			isa = XCVersionGroup;
			children = (
				82ABC96A205C849D00C0D6E4 /* VerbosEspanoliOS.xcdatamodel */,
			);
			currentVersion = 82ABC96A205C849D00C0D6E4 /* VerbosEspanoliOS.xcdatamodel */;
			path = VerbosEspanoliOS.xcdatamodeld;
			sourceTree = "<group>";
			versionGroupType = wrapper.xcdatamodel;
		};
/* End XCVersionGroup section */
	};
	rootObject = 82ABC957205C849D00C0D6E4 /* Project object */;
}
